// !$*UTF8*$!
{
	archiveVersion = 1;
	classes = {
	};
	objectVersion = 50;
	objects = {

/* Begin PBXBuildFile section */
		114E686523D2985A00D261E9 /* AppDelegate.swift in Sources */ = {isa = PBXBuildFile; fileRef = 114E686423D2985A00D261E9 /* AppDelegate.swift */; };
		114E686723D2985A00D261E9 /* SceneDelegate.swift in Sources */ = {isa = PBXBuildFile; fileRef = 114E686623D2985A00D261E9 /* SceneDelegate.swift */; };
		114E686C23D2985A00D261E9 /* Main.storyboard in Resources */ = {isa = PBXBuildFile; fileRef = 114E686A23D2985A00D261E9 /* Main.storyboard */; };
		114E686E23D2986500D261E9 /* Assets.xcassets in Resources */ = {isa = PBXBuildFile; fileRef = 114E686D23D2986500D261E9 /* Assets.xcassets */; };
		114E687123D2986500D261E9 /* LaunchScreen.storyboard in Resources */ = {isa = PBXBuildFile; fileRef = 114E686F23D2986500D261E9 /* LaunchScreen.storyboard */; };
		114E687E23D29BE400D261E9 /* data.json in Resources */ = {isa = PBXBuildFile; fileRef = 114E687D23D29BE400D261E9 /* data.json */; };
		114E688023D29C0F00D261E9 /* SearchResult.swift in Sources */ = {isa = PBXBuildFile; fileRef = 114E687F23D29C0F00D261E9 /* SearchResult.swift */; };
		114E688223D29F3C00D261E9 /* ResultType.swift in Sources */ = {isa = PBXBuildFile; fileRef = 114E688123D29F3C00D261E9 /* ResultType.swift */; };
		114E688423D29F7A00D261E9 /* SearchResultController.swift in Sources */ = {isa = PBXBuildFile; fileRef = 114E688323D29F7A00D261E9 /* SearchResultController.swift */; };
/* End PBXBuildFile section */

/* Begin PBXFileReference section */
		114E686123D2985A00D261E9 /* Itunes Search.app */ = {isa = PBXFileReference; explicitFileType = wrapper.application; includeInIndex = 0; path = "Itunes Search.app"; sourceTree = BUILT_PRODUCTS_DIR; };
		114E686423D2985A00D261E9 /* AppDelegate.swift */ = {isa = PBXFileReference; lastKnownFileType = sourcecode.swift; path = AppDelegate.swift; sourceTree = "<group>"; };
		114E686623D2985A00D261E9 /* SceneDelegate.swift */ = {isa = PBXFileReference; lastKnownFileType = sourcecode.swift; path = SceneDelegate.swift; sourceTree = "<group>"; };
		114E686B23D2985A00D261E9 /* Base */ = {isa = PBXFileReference; lastKnownFileType = file.storyboard; name = Base; path = Base.lproj/Main.storyboard; sourceTree = "<group>"; };
		114E686D23D2986500D261E9 /* Assets.xcassets */ = {isa = PBXFileReference; lastKnownFileType = folder.assetcatalog; path = Assets.xcassets; sourceTree = "<group>"; };
		114E687023D2986500D261E9 /* Base */ = {isa = PBXFileReference; lastKnownFileType = file.storyboard; name = Base; path = Base.lproj/LaunchScreen.storyboard; sourceTree = "<group>"; };
		114E687223D2986500D261E9 /* Info.plist */ = {isa = PBXFileReference; lastKnownFileType = text.plist.xml; path = Info.plist; sourceTree = "<group>"; };
		114E687D23D29BE400D261E9 /* data.json */ = {isa = PBXFileReference; fileEncoding = 4; lastKnownFileType = text.json; name = data.json; path = ../../data.json; sourceTree = "<group>"; };
		114E687F23D29C0F00D261E9 /* SearchResult.swift */ = {isa = PBXFileReference; lastKnownFileType = sourcecode.swift; path = SearchResult.swift; sourceTree = "<group>"; };
		114E688123D29F3C00D261E9 /* ResultType.swift */ = {isa = PBXFileReference; lastKnownFileType = sourcecode.swift; path = ResultType.swift; sourceTree = "<group>"; };
		114E688323D29F7A00D261E9 /* SearchResultController.swift */ = {isa = PBXFileReference; lastKnownFileType = sourcecode.swift; path = SearchResultController.swift; sourceTree = "<group>"; };
/* End PBXFileReference section */

/* Begin PBXFrameworksBuildPhase section */
		114E685E23D2985A00D261E9 /* Frameworks */ = {
			isa = PBXFrameworksBuildPhase;
			buildActionMask = 2147483647;
			files = (
			);
			runOnlyForDeploymentPostprocessing = 0;
		};
/* End PBXFrameworksBuildPhase section */

/* Begin PBXGroup section */
		114E685823D2985900D261E9 = {
			isa = PBXGroup;
			children = (
				114E686323D2985A00D261E9 /* Itunes Search */,
				114E686223D2985A00D261E9 /* Products */,
			);
			sourceTree = "<group>";
		};
		114E686223D2985A00D261E9 /* Products */ = {
			isa = PBXGroup;
			children = (
				114E686123D2985A00D261E9 /* Itunes Search.app */,
			);
			name = Products;
			sourceTree = "<group>";
		};
		114E686323D2985A00D261E9 /* Itunes Search */ = {
			isa = PBXGroup;
			children = (
				114E687223D2986500D261E9 /* Info.plist */,
				114E687D23D29BE400D261E9 /* data.json */,
				114E686423D2985A00D261E9 /* AppDelegate.swift */,
				114E686623D2985A00D261E9 /* SceneDelegate.swift */,
				114E686D23D2986500D261E9 /* Assets.xcassets */,
				114E687C23D2989800D261E9 /* Controllers */,
				114E687B23D2988A00D261E9 /* Model */,
				114E687823D2986F00D261E9 /* Story Boards */,
				114E687923D2987700D261E9 /* Views */,
			);
			path = "Itunes Search";
			sourceTree = "<group>";
		};
		114E687823D2986F00D261E9 /* Story Boards */ = {
			isa = PBXGroup;
			children = (
				114E686F23D2986500D261E9 /* LaunchScreen.storyboard */,
				114E686A23D2985A00D261E9 /* Main.storyboard */,
			);
			path = "Story Boards";
			sourceTree = "<group>";
		};
		114E687923D2987700D261E9 /* Views */ = {
			isa = PBXGroup;
			children = (
			);
			path = Views;
			sourceTree = "<group>";
		};
		114E687B23D2988A00D261E9 /* Model */ = {
			isa = PBXGroup;
			children = (
				114E687F23D29C0F00D261E9 /* SearchResult.swift */,
				114E688123D29F3C00D261E9 /* ResultType.swift */,
			);
			path = Model;
			sourceTree = "<group>";
		};
		114E687C23D2989800D261E9 /* Controllers */ = {
			isa = PBXGroup;
			children = (
				114E688323D29F7A00D261E9 /* SearchResultController.swift */,
			);
			path = Controllers;
			sourceTree = "<group>";
		};
/* End PBXGroup section */

/* Begin PBXNativeTarget section */
		114E686023D2985A00D261E9 /* Itunes Search */ = {
			isa = PBXNativeTarget;
			buildConfigurationList = 114E687523D2986500D261E9 /* Build configuration list for PBXNativeTarget "Itunes Search" */;
			buildPhases = (
				114E685D23D2985A00D261E9 /* Sources */,
				114E685E23D2985A00D261E9 /* Frameworks */,
				114E685F23D2985A00D261E9 /* Resources */,
			);
			buildRules = (
			);
			dependencies = (
			);
			name = "Itunes Search";
			productName = "Itunes Search";
			productReference = 114E686123D2985A00D261E9 /* Itunes Search.app */;
			productType = "com.apple.product-type.application";
		};
/* End PBXNativeTarget section */

/* Begin PBXProject section */
		114E685923D2985900D261E9 /* Project object */ = {
			isa = PBXProject;
			attributes = {
				LastSwiftUpdateCheck = 1130;
				LastUpgradeCheck = 1130;
				ORGANIZATIONNAME = "Kevin Stewart";
				TargetAttributes = {
					114E686023D2985A00D261E9 = {
						CreatedOnToolsVersion = 11.3;
					};
				};
			};
			buildConfigurationList = 114E685C23D2985A00D261E9 /* Build configuration list for PBXProject "Itunes Search" */;
			compatibilityVersion = "Xcode 9.3";
			developmentRegion = en;
			hasScannedForEncodings = 0;
			knownRegions = (
				en,
				Base,
			);
			mainGroup = 114E685823D2985900D261E9;
			productRefGroup = 114E686223D2985A00D261E9 /* Products */;
			projectDirPath = "";
			projectRoot = "";
			targets = (
				114E686023D2985A00D261E9 /* Itunes Search */,
			);
		};
/* End PBXProject section */

/* Begin PBXResourcesBuildPhase section */
		114E685F23D2985A00D261E9 /* Resources */ = {
			isa = PBXResourcesBuildPhase;
			buildActionMask = 2147483647;
			files = (
				114E687123D2986500D261E9 /* LaunchScreen.storyboard in Resources */,
				114E686E23D2986500D261E9 /* Assets.xcassets in Resources */,
				114E686C23D2985A00D261E9 /* Main.storyboard in Resources */,
				114E687E23D29BE400D261E9 /* data.json in Resources */,
			);
			runOnlyForDeploymentPostprocessing = 0;
		};
/* End PBXResourcesBuildPhase section */

/* Begin PBXSourcesBuildPhase section */
		114E685D23D2985A00D261E9 /* Sources */ = {
			isa = PBXSourcesBuildPhase;
			buildActionMask = 2147483647;
			files = (
				114E688223D29F3C00D261E9 /* ResultType.swift in Sources */,
				114E686523D2985A00D261E9 /* AppDelegate.swift in Sources */,
				114E688023D29C0F00D261E9 /* SearchResult.swift in Sources */,
				114E686723D2985A00D261E9 /* SceneDelegate.swift in Sources */,
				114E688423D29F7A00D261E9 /* SearchResultController.swift in Sources */,
			);
			runOnlyForDeploymentPostprocessing = 0;
		};
/* End PBXSourcesBuildPhase section */

/* Begin PBXVariantGroup section */
		114E686A23D2985A00D261E9 /* Main.storyboard */ = {
			isa = PBXVariantGroup;
			children = (
				114E686B23D2985A00D261E9 /* Base */,
			);
			name = Main.storyboard;
			sourceTree = "<group>";
		};
		114E686F23D2986500D261E9 /* LaunchScreen.storyboard */ = {
			isa = PBXVariantGroup;
			children = (
				114E687023D2986500D261E9 /* Base */,
			);
			name = LaunchScreen.storyboard;
			sourceTree = "<group>";
		};
/* End PBXVariantGroup section */

/* Begin XCBuildConfiguration section */
		114E687323D2986500D261E9 /* Debug */ = {
			isa = XCBuildConfiguration;
			buildSettings = {
				ALWAYS_SEARCH_USER_PATHS = NO;
				CLANG_ANALYZER_NONNULL = YES;
				CLANG_ANALYZER_NUMBER_OBJECT_CONVERSION = YES_AGGRESSIVE;
				CLANG_CXX_LANGUAGE_STANDARD = "gnu++14";
				CLANG_CXX_LIBRARY = "libc++";
				CLANG_ENABLE_MODULES = YES;
				CLANG_ENABLE_OBJC_ARC = YES;
				CLANG_ENABLE_OBJC_WEAK = YES;
				CLANG_WARN_BLOCK_CAPTURE_AUTORELEASING = YES;
				CLANG_WARN_BOOL_CONVERSION = YES;
				CLANG_WARN_COMMA = YES;
				CLANG_WARN_CONSTANT_CONVERSION = YES;
				CLANG_WARN_DEPRECATED_OBJC_IMPLEMENTATIONS = YES;
				CLANG_WARN_DIRECT_OBJC_ISA_USAGE = YES_ERROR;
				CLANG_WARN_DOCUMENTATION_COMMENTS = YES;
				CLANG_WARN_EMPTY_BODY = YES;
				CLANG_WARN_ENUM_CONVERSION = YES;
				CLANG_WARN_INFINITE_RECURSION = YES;
				CLANG_WARN_INT_CONVERSION = YES;
				CLANG_WARN_NON_LITERAL_NULL_CONVERSION = YES;
				CLANG_WARN_OBJC_IMPLICIT_RETAIN_SELF = YES;
				CLANG_WARN_OBJC_LITERAL_CONVERSION = YES;
				CLANG_WARN_OBJC_ROOT_CLASS = YES_ERROR;
				CLANG_WARN_RANGE_LOOP_ANALYSIS = YES;
				CLANG_WARN_STRICT_PROTOTYPES = YES;
				CLANG_WARN_SUSPICIOUS_MOVE = YES;
				CLANG_WARN_UNGUARDED_AVAILABILITY = YES_AGGRESSIVE;
				CLANG_WARN_UNREACHABLE_CODE = YES;
				CLANG_WARN__DUPLICATE_METHOD_MATCH = YES;
				COPY_PHASE_STRIP = NO;
				DEBUG_INFORMATION_FORMAT = dwarf;
				ENABLE_STRICT_OBJC_MSGSEND = YES;
				ENABLE_TESTABILITY = YES;
				GCC_C_LANGUAGE_STANDARD = gnu11;
				GCC_DYNAMIC_NO_PIC = NO;
				GCC_NO_COMMON_BLOCKS = YES;
				GCC_OPTIMIZATION_LEVEL = 0;
				GCC_PREPROCESSOR_DEFINITIONS = (
					"DEBUG=1",
					"$(inherited)",
				);
				GCC_WARN_64_TO_32_BIT_CONVERSION = YES;
				GCC_WARN_ABOUT_RETURN_TYPE = YES_ERROR;
				GCC_WARN_UNDECLARED_SELECTOR = YES;
				GCC_WARN_UNINITIALIZED_AUTOS = YES_AGGRESSIVE;
				GCC_WARN_UNUSED_FUNCTION = YES;
				GCC_WARN_UNUSED_VARIABLE = YES;
				IPHONEOS_DEPLOYMENT_TARGET = 13.2;
				MTL_ENABLE_DEBUG_INFO = INCLUDE_SOURCE;
				MTL_FAST_MATH = YES;
				ONLY_ACTIVE_ARCH = YES;
				SDKROOT = iphoneos;
				SWIFT_ACTIVE_COMPILATION_CONDITIONS = DEBUG;
				SWIFT_OPTIMIZATION_LEVEL = "-Onone";
			};
			name = Debug;
		};
		114E687423D2986500D261E9 /* Release */ = {
			isa = XCBuildConfiguration;
			buildSettings = {
				ALWAYS_SEARCH_USER_PATHS = NO;
				CLANG_ANALYZER_NONNULL = YES;
				CLANG_ANALYZER_NUMBER_OBJECT_CONVERSION = YES_AGGRESSIVE;
				CLANG_CXX_LANGUAGE_STANDARD = "gnu++14";
				CLANG_CXX_LIBRARY = "libc++";
				CLANG_ENABLE_MODULES = YES;
				CLANG_ENABLE_OBJC_ARC = YES;
				CLANG_ENABLE_OBJC_WEAK = YES;
				CLANG_WARN_BLOCK_CAPTURE_AUTORELEASING = YES;
				CLANG_WARN_BOOL_CONVERSION = YES;
				CLANG_WARN_COMMA = YES;
				CLANG_WARN_CONSTANT_CONVERSION = YES;
				CLANG_WARN_DEPRECATED_OBJC_IMPLEMENTATIONS = YES;
				CLANG_WARN_DIRECT_OBJC_ISA_USAGE = YES_ERROR;
				CLANG_WARN_DOCUMENTATION_COMMENTS = YES;
				CLANG_WARN_EMPTY_BODY = YES;
				CLANG_WARN_ENUM_CONVERSION = YES;
				CLANG_WARN_INFINITE_RECURSION = YES;
				CLANG_WARN_INT_CONVERSION = YES;
				CLANG_WARN_NON_LITERAL_NULL_CONVERSION = YES;
				CLANG_WARN_OBJC_IMPLICIT_RETAIN_SELF = YES;
				CLANG_WARN_OBJC_LITERAL_CONVERSION = YES;
				CLANG_WARN_OBJC_ROOT_CLASS = YES_ERROR;
				CLANG_WARN_RANGE_LOOP_ANALYSIS = YES;
				CLANG_WARN_STRICT_PROTOTYPES = YES;
				CLANG_WARN_SUSPICIOUS_MOVE = YES;
				CLANG_WARN_UNGUARDED_AVAILABILITY = YES_AGGRESSIVE;
				CLANG_WARN_UNREACHABLE_CODE = YES;
				CLANG_WARN__DUPLICATE_METHOD_MATCH = YES;
				COPY_PHASE_STRIP = NO;
				DEBUG_INFORMATION_FORMAT = "dwarf-with-dsym";
				ENABLE_NS_ASSERTIONS = NO;
				ENABLE_STRICT_OBJC_MSGSEND = YES;
				GCC_C_LANGUAGE_STANDARD = gnu11;
				GCC_NO_COMMON_BLOCKS = YES;
				GCC_WARN_64_TO_32_BIT_CONVERSION = YES;
				GCC_WARN_ABOUT_RETURN_TYPE = YES_ERROR;
				GCC_WARN_UNDECLARED_SELECTOR = YES;
				GCC_WARN_UNINITIALIZED_AUTOS = YES_AGGRESSIVE;
				GCC_WARN_UNUSED_FUNCTION = YES;
				GCC_WARN_UNUSED_VARIABLE = YES;
				IPHONEOS_DEPLOYMENT_TARGET = 13.2;
				MTL_ENABLE_DEBUG_INFO = NO;
				MTL_FAST_MATH = YES;
				SDKROOT = iphoneos;
				SWIFT_COMPILATION_MODE = wholemodule;
				SWIFT_OPTIMIZATION_LEVEL = "-O";
				VALIDATE_PRODUCT = YES;
			};
			name = Release;
		};
		114E687623D2986500D261E9 /* Debug */ = {
			isa = XCBuildConfiguration;
			buildSettings = {
				ASSETCATALOG_COMPILER_APPICON_NAME = AppIcon;
				CODE_SIGN_STYLE = Automatic;
				DEVELOPMENT_TEAM = V5ARGK4ZJP;
				INFOPLIST_FILE = "Itunes Search/Info.plist";
				LD_RUNPATH_SEARCH_PATHS = (
					"$(inherited)",
					"@executable_path/Frameworks",
				);
				PRODUCT_BUNDLE_IDENTIFIER = "com.kevinstewart.About.Itunes-Search";
				PRODUCT_NAME = "$(TARGET_NAME)";
				SWIFT_VERSION = 5.0;
				TARGETED_DEVICE_FAMILY = "1,2";
			};
			name = Debug;
		};
		114E687723D2986500D261E9 /* Release */ = {
			isa = XCBuildConfiguration;
			buildSettings = {
				ASSETCATALOG_COMPILER_APPICON_NAME = AppIcon;
				CODE_SIGN_STYLE = Automatic;
				DEVELOPMENT_TEAM = V5ARGK4ZJP;
				INFOPLIST_FILE = "Itunes Search/Info.plist";
				LD_RUNPATH_SEARCH_PATHS = (
					"$(inherited)",
					"@executable_path/Frameworks",
				);
				PRODUCT_BUNDLE_IDENTIFIER = "com.kevinstewart.About.Itunes-Search";
				PRODUCT_NAME = "$(TARGET_NAME)";
				SWIFT_VERSION = 5.0;
				TARGETED_DEVICE_FAMILY = "1,2";
			};
			name = Release;
		};
/* End XCBuildConfiguration section */

/* Begin XCConfigurationList section */
		114E685C23D2985A00D261E9 /* Build configuration list for PBXProject "Itunes Search" */ = {
			isa = XCConfigurationList;
			buildConfigurations = (
				114E687323D2986500D261E9 /* Debug */,
				114E687423D2986500D261E9 /* Release */,
			);
			defaultConfigurationIsVisible = 0;
			defaultConfigurationName = Release;
		};
		114E687523D2986500D261E9 /* Build configuration list for PBXNativeTarget "Itunes Search" */ = {
			isa = XCConfigurationList;
			buildConfigurations = (
				114E687623D2986500D261E9 /* Debug */,
				114E687723D2986500D261E9 /* Release */,
			);
			defaultConfigurationIsVisible = 0;
			defaultConfigurationName = Release;
		};
/* End XCConfigurationList section */
	};
	rootObject = 114E685923D2985900D261E9 /* Project object */;
}
